// !$*UTF8*$!
{
	archiveVersion = 1;
	classes = {
	};
	objectVersion = 50;
	objects = {

/* Begin PBXBuildFile section */
		4B3790EB23BE4CB600C4F163 /* AppDelegate.swift in Sources */ = {isa = PBXBuildFile; fileRef = 4B3790EA23BE4CB600C4F163 /* AppDelegate.swift */; };
		4B3790ED23BE4CB600C4F163 /* SceneDelegate.swift in Sources */ = {isa = PBXBuildFile; fileRef = 4B3790EC23BE4CB600C4F163 /* SceneDelegate.swift */; };
		4B3790EF23BE4CB600C4F163 /* ViewController.swift in Sources */ = {isa = PBXBuildFile; fileRef = 4B3790EE23BE4CB600C4F163 /* ViewController.swift */; };
		4B3790F223BE4CB600C4F163 /* Main.storyboard in Resources */ = {isa = PBXBuildFile; fileRef = 4B3790F023BE4CB600C4F163 /* Main.storyboard */; };
		4B3790F423BE4CBD00C4F163 /* Assets.xcassets in Resources */ = {isa = PBXBuildFile; fileRef = 4B3790F323BE4CBD00C4F163 /* Assets.xcassets */; };
		4B3790F723BE4CBD00C4F163 /* LaunchScreen.storyboard in Resources */ = {isa = PBXBuildFile; fileRef = 4B3790F523BE4CBD00C4F163 /* LaunchScreen.storyboard */; };
/* End PBXBuildFile section */

/* Begin PBXFileReference section */
		4B3790E723BE4CB600C4F163 /* projekt_to_v1.app */ = {isa = PBXFileReference; explicitFileType = wrapper.application; includeInIndex = 0; path = projekt_to_v1.app; sourceTree = BUILT_PRODUCTS_DIR; };
		4B3790EA23BE4CB600C4F163 /* AppDelegate.swift */ = {isa = PBXFileReference; lastKnownFileType = sourcecode.swift; path = AppDelegate.swift; sourceTree = "<group>"; };
		4B3790EC23BE4CB600C4F163 /* SceneDelegate.swift */ = {isa = PBXFileReference; lastKnownFileType = sourcecode.swift; path = SceneDelegate.swift; sourceTree = "<group>"; };
		4B3790EE23BE4CB600C4F163 /* ViewController.swift */ = {isa = PBXFileReference; lastKnownFileType = sourcecode.swift; path = ViewController.swift; sourceTree = "<group>"; };
		4B3790F123BE4CB600C4F163 /* Base */ = {isa = PBXFileReference; lastKnownFileType = file.storyboard; name = Base; path = Base.lproj/Main.storyboard; sourceTree = "<group>"; };
		4B3790F323BE4CBD00C4F163 /* Assets.xcassets */ = {isa = PBXFileReference; lastKnownFileType = folder.assetcatalog; path = Assets.xcassets; sourceTree = "<group>"; };
		4B3790F623BE4CBD00C4F163 /* Base */ = {isa = PBXFileReference; lastKnownFileType = file.storyboard; name = Base; path = Base.lproj/LaunchScreen.storyboard; sourceTree = "<group>"; };
		4B3790F823BE4CBD00C4F163 /* Info.plist */ = {isa = PBXFileReference; lastKnownFileType = text.plist.xml; path = Info.plist; sourceTree = "<group>"; };
/* End PBXFileReference section */

/* Begin PBXFrameworksBuildPhase section */
		4B3790E423BE4CB600C4F163 /* Frameworks */ = {
			isa = PBXFrameworksBuildPhase;
			buildActionMask = 2147483647;
			files = (
			);
			runOnlyForDeploymentPostprocessing = 0;
		};
/* End PBXFrameworksBuildPhase section */

/* Begin PBXGroup section */
		4B3790DE23BE4CB600C4F163 = {
			isa = PBXGroup;
			children = (
				4B3790E923BE4CB600C4F163 /* projekt_to_v1 */,
				4B3790E823BE4CB600C4F163 /* Products */,
			);
			sourceTree = "<group>";
		};
		4B3790E823BE4CB600C4F163 /* Products */ = {
			isa = PBXGroup;
			children = (
				4B3790E723BE4CB600C4F163 /* projekt_to_v1.app */,
			);
			name = Products;
			sourceTree = "<group>";
		};
		4B3790E923BE4CB600C4F163 /* projekt_to_v1 */ = {
			isa = PBXGroup;
			children = (
				4B3790EA23BE4CB600C4F163 /* AppDelegate.swift */,
				4B3790EC23BE4CB600C4F163 /* SceneDelegate.swift */,
				4B3790EE23BE4CB600C4F163 /* ViewController.swift */,
				4B3790F023BE4CB600C4F163 /* Main.storyboard */,
				4B3790F323BE4CBD00C4F163 /* Assets.xcassets */,
				4B3790F523BE4CBD00C4F163 /* LaunchScreen.storyboard */,
				4B3790F823BE4CBD00C4F163 /* Info.plist */,
			);
			path = projekt_to_v1;
			sourceTree = "<group>";
		};
/* End PBXGroup section */

/* Begin PBXNativeTarget section */
		4B3790E623BE4CB600C4F163 /* projekt_to_v1 */ = {
			isa = PBXNativeTarget;
			buildConfigurationList = 4B3790FB23BE4CBD00C4F163 /* Build configuration list for PBXNativeTarget "projekt_to_v1" */;
			buildPhases = (
				4B3790E323BE4CB600C4F163 /* Sources */,
				4B3790E423BE4CB600C4F163 /* Frameworks */,
				4B3790E523BE4CB600C4F163 /* Resources */,
			);
			buildRules = (
			);
			dependencies = (
			);
			name = projekt_to_v1;
			productName = projekt_to_v1;
			productReference = 4B3790E723BE4CB600C4F163 /* projekt_to_v1.app */;
			productType = "com.apple.product-type.application";
		};
/* End PBXNativeTarget section */

/* Begin PBXProject section */
		4B3790DF23BE4CB600C4F163 /* Project object */ = {
			isa = PBXProject;
			attributes = {
				LastSwiftUpdateCheck = 1110;
				LastUpgradeCheck = 1110;
				ORGANIZATIONNAME = "Karol Korzeń";
				TargetAttributes = {
					4B3790E623BE4CB600C4F163 = {
						CreatedOnToolsVersion = 11.1;
					};
				};
			};
			buildConfigurationList = 4B3790E223BE4CB600C4F163 /* Build configuration list for PBXProject "projekt_to_v1" */;
			compatibilityVersion = "Xcode 9.3";
			developmentRegion = en;
			hasScannedForEncodings = 0;
			knownRegions = (
				en,
				Base,
			);
			mainGroup = 4B3790DE23BE4CB600C4F163;
			productRefGroup = 4B3790E823BE4CB600C4F163 /* Products */;
			projectDirPath = "";
			projectRoot = "";
			targets = (
				4B3790E623BE4CB600C4F163 /* projekt_to_v1 */,
			);
		};
/* End PBXProject section */

/* Begin PBXResourcesBuildPhase section */
		4B3790E523BE4CB600C4F163 /* Resources */ = {
			isa = PBXResourcesBuildPhase;
			buildActionMask = 2147483647;
			files = (
				4B3790F723BE4CBD00C4F163 /* LaunchScreen.storyboard in Resources */,
				4B3790F423BE4CBD00C4F163 /* Assets.xcassets in Resources */,
				4B3790F223BE4CB600C4F163 /* Main.storyboard in Resources */,
			);
			runOnlyForDeploymentPostprocessing = 0;
		};
/* End PBXResourcesBuildPhase section */

/* Begin PBXSourcesBuildPhase section */
		4B3790E323BE4CB600C4F163 /* Sources */ = {
			isa = PBXSourcesBuildPhase;
			buildActionMask = 2147483647;
			files = (
				4B3790EF23BE4CB600C4F163 /* ViewController.swift in Sources */,
				4B3790EB23BE4CB600C4F163 /* AppDelegate.swift in Sources */,
				4B3790ED23BE4CB600C4F163 /* SceneDelegate.swift in Sources */,
			);
			runOnlyForDeploymentPostprocessing = 0;
		};
/* End PBXSourcesBuildPhase section */

/* Begin PBXVariantGroup section */
		4B3790F023BE4CB600C4F163 /* Main.storyboard */ = {
			isa = PBXVariantGroup;
			children = (
				4B3790F123BE4CB600C4F163 /* Base */,
			);
			name = Main.storyboard;
			sourceTree = "<group>";
		};
		4B3790F523BE4CBD00C4F163 /* LaunchScreen.storyboard */ = {
			isa = PBXVariantGroup;
			children = (
				4B3790F623BE4CBD00C4F163 /* Base */,
			);
			name = LaunchScreen.storyboard;
			sourceTree = "<group>";
		};
/* End PBXVariantGroup section */

/* Begin XCBuildConfiguration section */
		4B3790F923BE4CBD00C4F163 /* Debug */ = {
			isa = XCBuildConfiguration;
			buildSettings = {
				ALWAYS_SEARCH_USER_PATHS = NO;
				CLANG_ANALYZER_NONNULL = YES;
				CLANG_ANALYZER_NUMBER_OBJECT_CONVERSION = YES_AGGRESSIVE;
				CLANG_CXX_LANGUAGE_STANDARD = "gnu++14";
				CLANG_CXX_LIBRARY = "libc++";
				CLANG_ENABLE_MODULES = YES;
				CLANG_ENABLE_OBJC_ARC = YES;
				CLANG_ENABLE_OBJC_WEAK = YES;
				CLANG_WARN_BLOCK_CAPTURE_AUTORELEASING = YES;
				CLANG_WARN_BOOL_CONVERSION = YES;
				CLANG_WARN_COMMA = YES;
				CLANG_WARN_CONSTANT_CONVERSION = YES;
				CLANG_WARN_DEPRECATED_OBJC_IMPLEMENTATIONS = YES;
				CLANG_WARN_DIRECT_OBJC_ISA_USAGE = YES_ERROR;
				CLANG_WARN_DOCUMENTATION_COMMENTS = YES;
				CLANG_WARN_EMPTY_BODY = YES;
				CLANG_WARN_ENUM_CONVERSION = YES;
				CLANG_WARN_INFINITE_RECURSION = YES;
				CLANG_WARN_INT_CONVERSION = YES;
				CLANG_WARN_NON_LITERAL_NULL_CONVERSION = YES;
				CLANG_WARN_OBJC_IMPLICIT_RETAIN_SELF = YES;
				CLANG_WARN_OBJC_LITERAL_CONVERSION = YES;
				CLANG_WARN_OBJC_ROOT_CLASS = YES_ERROR;
				CLANG_WARN_RANGE_LOOP_ANALYSIS = YES;
				CLANG_WARN_STRICT_PROTOTYPES = YES;
				CLANG_WARN_SUSPICIOUS_MOVE = YES;
				CLANG_WARN_UNGUARDED_AVAILABILITY = YES_AGGRESSIVE;
				CLANG_WARN_UNREACHABLE_CODE = YES;
				CLANG_WARN__DUPLICATE_METHOD_MATCH = YES;
				COPY_PHASE_STRIP = NO;
				DEBUG_INFORMATION_FORMAT = dwarf;
				ENABLE_STRICT_OBJC_MSGSEND = YES;
				ENABLE_TESTABILITY = YES;
				GCC_C_LANGUAGE_STANDARD = gnu11;
				GCC_DYNAMIC_NO_PIC = NO;
				GCC_NO_COMMON_BLOCKS = YES;
				GCC_OPTIMIZATION_LEVEL = 0;
				GCC_PREPROCESSOR_DEFINITIONS = (
					"DEBUG=1",
					"$(inherited)",
				);
				GCC_WARN_64_TO_32_BIT_CONVERSION = YES;
				GCC_WARN_ABOUT_RETURN_TYPE = YES_ERROR;
				GCC_WARN_UNDECLARED_SELECTOR = YES;
				GCC_WARN_UNINITIALIZED_AUTOS = YES_AGGRESSIVE;
				GCC_WARN_UNUSED_FUNCTION = YES;
				GCC_WARN_UNUSED_VARIABLE = YES;
				IPHONEOS_DEPLOYMENT_TARGET = 13.1;
				MTL_ENABLE_DEBUG_INFO = INCLUDE_SOURCE;
				MTL_FAST_MATH = YES;
				ONLY_ACTIVE_ARCH = YES;
				SDKROOT = iphoneos;
				SWIFT_ACTIVE_COMPILATION_CONDITIONS = DEBUG;
				SWIFT_OPTIMIZATION_LEVEL = "-Onone";
			};
			name = Debug;
		};
		4B3790FA23BE4CBD00C4F163 /* Release */ = {
			isa = XCBuildConfiguration;
			buildSettings = {
				ALWAYS_SEARCH_USER_PATHS = NO;
				CLANG_ANALYZER_NONNULL = YES;
				CLANG_ANALYZER_NUMBER_OBJECT_CONVERSION = YES_AGGRESSIVE;
				CLANG_CXX_LANGUAGE_STANDARD = "gnu++14";
				CLANG_CXX_LIBRARY = "libc++";
				CLANG_ENABLE_MODULES = YES;
				CLANG_ENABLE_OBJC_ARC = YES;
				CLANG_ENABLE_OBJC_WEAK = YES;
				CLANG_WARN_BLOCK_CAPTURE_AUTORELEASING = YES;
				CLANG_WARN_BOOL_CONVERSION = YES;
				CLANG_WARN_COMMA = YES;
				CLANG_WARN_CONSTANT_CONVERSION = YES;
				CLANG_WARN_DEPRECATED_OBJC_IMPLEMENTATIONS = YES;
				CLANG_WARN_DIRECT_OBJC_ISA_USAGE = YES_ERROR;
				CLANG_WARN_DOCUMENTATION_COMMENTS = YES;
				CLANG_WARN_EMPTY_BODY = YES;
				CLANG_WARN_ENUM_CONVERSION = YES;
				CLANG_WARN_INFINITE_RECURSION = YES;
				CLANG_WARN_INT_CONVERSION = YES;
				CLANG_WARN_NON_LITERAL_NULL_CONVERSION = YES;
				CLANG_WARN_OBJC_IMPLICIT_RETAIN_SELF = YES;
				CLANG_WARN_OBJC_LITERAL_CONVERSION = YES;
				CLANG_WARN_OBJC_ROOT_CLASS = YES_ERROR;
				CLANG_WARN_RANGE_LOOP_ANALYSIS = YES;
				CLANG_WARN_STRICT_PROTOTYPES = YES;
				CLANG_WARN_SUSPICIOUS_MOVE = YES;
				CLANG_WARN_UNGUARDED_AVAILABILITY = YES_AGGRESSIVE;
				CLANG_WARN_UNREACHABLE_CODE = YES;
				CLANG_WARN__DUPLICATE_METHOD_MATCH = YES;
				COPY_PHASE_STRIP = NO;
				DEBUG_INFORMATION_FORMAT = "dwarf-with-dsym";
				ENABLE_NS_ASSERTIONS = NO;
				ENABLE_STRICT_OBJC_MSGSEND = YES;
				GCC_C_LANGUAGE_STANDARD = gnu11;
				GCC_NO_COMMON_BLOCKS = YES;
				GCC_WARN_64_TO_32_BIT_CONVERSION = YES;
				GCC_WARN_ABOUT_RETURN_TYPE = YES_ERROR;
				GCC_WARN_UNDECLARED_SELECTOR = YES;
				GCC_WARN_UNINITIALIZED_AUTOS = YES_AGGRESSIVE;
				GCC_WARN_UNUSED_FUNCTION = YES;
				GCC_WARN_UNUSED_VARIABLE = YES;
				IPHONEOS_DEPLOYMENT_TARGET = 13.1;
				MTL_ENABLE_DEBUG_INFO = NO;
				MTL_FAST_MATH = YES;
				SDKROOT = iphoneos;
				SWIFT_COMPILATION_MODE = wholemodule;
				SWIFT_OPTIMIZATION_LEVEL = "-O";
				VALIDATE_PRODUCT = YES;
			};
			name = Release;
		};
		4B3790FC23BE4CBD00C4F163 /* Debug */ = {
			isa = XCBuildConfiguration;
			buildSettings = {
				ASSETCATALOG_COMPILER_APPICON_NAME = AppIcon;
				CODE_SIGN_STYLE = Automatic;
				DEVELOPMENT_TEAM = NPCV8N7X6J;
				INFOPLIST_FILE = projekt_to_v1/Info.plist;
				LD_RUNPATH_SEARCH_PATHS = (
					"$(inherited)",
					"@executable_path/Frameworks",
				);
				PRODUCT_BUNDLE_IDENTIFIER = "Korzen.Karol.projekt-to-v1";
				PRODUCT_NAME = "$(TARGET_NAME)";
				SWIFT_VERSION = 5.0;
				TARGETED_DEVICE_FAMILY = "1,2";
			};
			name = Debug;
		};
		4B3790FD23BE4CBD00C4F163 /* Release */ = {
			isa = XCBuildConfiguration;
			buildSettings = {
				ASSETCATALOG_COMPILER_APPICON_NAME = AppIcon;
				CODE_SIGN_STYLE = Automatic;
				DEVELOPMENT_TEAM = NPCV8N7X6J;
				INFOPLIST_FILE = projekt_to_v1/Info.plist;
				LD_RUNPATH_SEARCH_PATHS = (
					"$(inherited)",
					"@executable_path/Frameworks",
				);
				PRODUCT_BUNDLE_IDENTIFIER = "Korzen.Karol.projekt-to-v1";
				PRODUCT_NAME = "$(TARGET_NAME)";
				SWIFT_VERSION = 5.0;
				TARGETED_DEVICE_FAMILY = "1,2";
			};
			name = Release;
		};
/* End XCBuildConfiguration section */

/* Begin XCConfigurationList section */
		4B3790E223BE4CB600C4F163 /* Build configuration list for PBXProject "projekt_to_v1" */ = {
			isa = XCConfigurationList;
			buildConfigurations = (
				4B3790F923BE4CBD00C4F163 /* Debug */,
				4B3790FA23BE4CBD00C4F163 /* Release */,
			);
			defaultConfigurationIsVisible = 0;
			defaultConfigurationName = Release;
		};
		4B3790FB23BE4CBD00C4F163 /* Build configuration list for PBXNativeTarget "projekt_to_v1" */ = {
			isa = XCConfigurationList;
			buildConfigurations = (
				4B3790FC23BE4CBD00C4F163 /* Debug */,
				4B3790FD23BE4CBD00C4F163 /* Release */,
			);
			defaultConfigurationIsVisible = 0;
			defaultConfigurationName = Release;
		};
/* End XCConfigurationList section */
	};
	rootObject = 4B3790DF23BE4CB600C4F163 /* Project object */;
}
